{
  "version": "4",
  "redirects": {
    "https://cdn.esm.sh/@builder.io/qwik/jsx-runtime": "https://cdn.esm.sh/@builder.io/qwik@1.12.0/jsx-runtime"
  },
  "remote": {
    "https://cdn.esm.sh/@builder.io/qwik@1.12.0/denonext/build.mjs": "b3484a27143e06543232077942ea26d10ae924d5715c685a948b2333db73c68d",
    "https://cdn.esm.sh/@builder.io/qwik@1.12.0/denonext/jsx-runtime.mjs": "75aa6a0b55c0fad6f1d6dddb5114722310332110dfab9dff502e908c54aceadb",
    "https://cdn.esm.sh/@builder.io/qwik@1.12.0/jsx-runtime": "7e673cfc01e973f068700a6761217aaf3a298934c8d2d8d8867e2573461c78be"
  },
  "workspace": {
    "packageJson": {
      "dependencies": [
        "npm:@builder.io/qwik-city@^1.12.0",
        "npm:@builder.io/qwik@^1.12.0",
        "npm:@modular-forms/qwik@0.29",
        "npm:@qwik-ui/headless@~0.6.3",
        "npm:@supabase/ssr@~0.5.2",
        "npm:@supabase/supabase-js@^2.47.10",
        "npm:@tailwindcss/typography@~0.5.16",
        "npm:@types/eslint@8.56.10",
        "npm:@types/node@20.14.11",
        "npm:@typescript-eslint/eslint-plugin@7.16.1",
        "npm:@typescript-eslint/parser@7.16.1",
        "npm:@vercel/postgres@0.10",
        "npm:autoprefixer@^10.4.19",
        "npm:daisyui@^4.12.23",
        "npm:dotenv@^16.4.7",
        "npm:drizzle-kit@~0.30.4",
        "npm:drizzle-orm@~0.39.3",
        "npm:eslint-plugin-qwik@^1.12.0",
        "npm:eslint@8.57.0",
        "npm:postcss@^8.4.39",
        "npm:postgres@^3.4.5",
        "npm:prettier-plugin-tailwindcss@~0.5.4",
        "npm:prettier@3.3.3",
        "npm:tailwindcss@^3.4.6",
        "npm:tsx@^4.19.2",
        "npm:typescript@5.4.5",
        "npm:undici@*",
        "npm:valibot@1.0.0-beta.9",
        "npm:vercel@^29.1.1",
        "npm:vite-tsconfig-paths@^4.2.1",
        "npm:vite@5.3.5"
      ]
    }
  }
}
